Microsoft Visual Studio Solution File, Format Version 12.00
# Visual Studio Version 17
VisualStudioVersion = 17.3.32922.545
MinimumVisualStudioVersion = 10.0.40219.1
Project("{9A19103F-16F7-4668-BE54-9A1E7A4F7556}") = "Artemis.Plugins.Modules.HomeWizard", "Artemis.Plugins.Modules.HomeWizard.csproj", "{4E3AAB84-B3A9-4A7B-82CA-0983D92DA08B}"
EndProject
Global
	GlobalSection(SolutionConfigurationPlatforms) = preSolution
		Debug|x64 = Debug|x64
		Release|x64 = Release|x64
	EndGlobalSection
	GlobalSection(ProjectConfigurationPlatforms) = postSolution
		{4E3AAB84-B3A9-4A7B-82CA-0983D92DA08B}.Debug|x64.ActiveCfg = Debug|x64
		{4E3AAB84-B3A9-4A7B-82CA-0983D92DA08B}.Debug|x64.Build.0 = Debug|x64
		{4E3AAB84-B3A9-4A7B-82CA-0983D92DA08B}.Release|x64.ActiveCfg = Release|x64
		{4E3AAB84-B3A9-4A7B-82CA-0983D92DA08B}.Release|x64.Build.0 = Release|x64
	EndGlobalSection
	GlobalSection(SolutionProperties) = preSolution
		HideSolutionNode = FALSE
	EndGlobalSection
	GlobalSection(ExtensibilityGlobals) = postSolution
		SolutionGuid = {5A4796DF-9952-4FD6-8D9F-A4BD44DDB328}
	EndGlobalSection
EndGlobal
